
Microsoft Visual Studio Solution File, Format Version 12.00
# Visual Studio Version 17
VisualStudioVersion = 17.2.32602.215
MinimumVisualStudioVersion = 10.0.40219.1
Project("{FAE04EC0-301F-11D3-BF4B-00C04F79EFBC}") = "DeployAzureApp", "DeployAzureApp\DeployAzureApp.csproj", "{255071AE-F7CC-44AF-8EEE-51665F5FB5E8}"
EndProject
Global
	GlobalSection(SolutionConfigurationPlatforms) = preSolution
		Debug|Any CPU = Debug|Any CPU
		Release|Any CPU = Release|Any CPU
	EndGlobalSection
	GlobalSection(ProjectConfigurationPlatforms) = postSolution
		{255071AE-F7CC-44AF-8EEE-51665F5FB5E8}.Debug|Any CPU.ActiveCfg = Debug|Any CPU
		{255071AE-F7CC-44AF-8EEE-51665F5FB5E8}.Debug|Any CPU.Build.0 = Debug|Any CPU
		{255071AE-F7CC-44AF-8EEE-51665F5FB5E8}.Release|Any CPU.ActiveCfg = Release|Any CPU
		{255071AE-F7CC-44AF-8EEE-51665F5FB5E8}.Release|Any CPU.Build.0 = Release|Any CPU
	EndGlobalSection
	GlobalSection(SolutionProperties) = preSolution
		HideSolutionNode = FALSE
	EndGlobalSection
	GlobalSection(ExtensibilityGlobals) = postSolution
		SolutionGuid = {6FB443ED-361A-481A-A010-9E4F6D38436B}
	EndGlobalSection
EndGlobal
